{
  "name": "eslint-plugin-node-test",
  "version": "0.1.1",
  "lockfileVersion": 3,
  "requires": true,
  "packages": {
    "": {
      "name": "eslint-plugin-node-test",
      "version": "0.1.1",
      "license": "MIT",
      "devDependencies": {
        "@tsconfig/node20": "20.1.4",
        "@types/node": "20.12.0"
      },
      "engines": {
        "node": ">=20"
      }
    },
    "node_modules/@tsconfig/node20": {
      "version": "20.1.4",
      "resolved": "https://registry.npmjs.org/@tsconfig/node20/-/node20-20.1.4.tgz",
      "integrity": "sha512-sqgsT69YFeLWf5NtJ4Xq/xAF8p4ZQHlmGW74Nu2tD4+g5fAsposc4ZfaaPixVu4y01BEiDCWLRDCvDM5JOsRxg==",
      "dev": true
    },
    "node_modules/@types/node": {
      "version": "20.12.0",
      "resolved": "https://registry.npmjs.org/@types/node/-/node-20.12.0.tgz",
      "integrity": "sha512-jVC7fWX1Did5TNn8mmGsE81mdyv+7a+nHNlUiNVys8G392CfNfhqAVRd+cuY0+OBU2vN6GzpiRX/MgJ9b3rtpQ==",
      "dev": true,
      "dependencies": {
        "undici-types": "~5.26.4"
      }
    },
    "node_modules/undici-types": {
      "version": "5.26.5",
      "resolved": "https://registry.npmjs.org/undici-types/-/undici-types-5.26.5.tgz",
      "integrity": "sha512-JlCMO+ehdEIKqlFxk6IfVoAUVmgz7cU7zD/h9XZ0qzeosSHmUJVOzSQvvYSYWXkFXC+IfLKSIffhv0sVZup6pA==",
      "dev": true
    }
  }
}
